{
  "requires": true,
  "lockfileVersion": 1,
  "dependencies": {
    "pngjs": {
      "version": "6.0.0",
      "resolved": "https://registry.npm.taobao.org/pngjs/download/pngjs-6.0.0.tgz?cache=0&sync_timestamp=1603551107900&other_urls=https%3A%2F%2Fregistry.npm.taobao.org%2Fpngjs%2Fdownload%2Fpngjs-6.0.0.tgz",
      "integrity": "sha1-yp5dKqSNsCKKUsQZwzCOh3INqCE="
    }
  }
}
